schema: '2.0'
stages:
  data_ingestion:
    cmd: python src/data/data_ingestion.py
    deps:
    - path: params.yaml
      hash: md5
      md5: 910e47016719e3027af4718d427a1600
      size: 53
    - path: src/data/data_ingestion.py
      hash: md5
      md5: 6eeac04e44e112d8039015226a2fc945
      size: 3434
    params:
      params.yaml:
        data_ingestion.random_state: 42
        data_ingestion.test_size: 0.2
    outs:
    - path: data/raw/test.csv
      hash: md5
      md5: 5a177f1f6a2c3f94b3d27d0240cf5fe1
      size: 1346935
    - path: data/raw/train.csv
      hash: md5
      md5: 67efc04d1d7037a5d482d09001993eea
      size: 5564504
  data_preprocessing:
    cmd: python src/data/data_preprocessing.py
    deps:
    - path: data/raw/test.csv
      hash: md5
      md5: 5a177f1f6a2c3f94b3d27d0240cf5fe1
      size: 1346935
    - path: data/raw/train.csv
      hash: md5
      md5: 67efc04d1d7037a5d482d09001993eea
      size: 5564504
    - path: src/data/data_preprocessing.py
      hash: md5
      md5: 6f17c14d730edd62e77be2c969a82ad6
      size: 3433
    outs:
    - path: data/interim/preprocessed_test.csv
      hash: md5
      md5: 9a3499c6af63e76e8ae3a8c7aeefe818
      size: 995565
    - path: data/interim/preprocessed_train.csv
      hash: md5
      md5: 4c9f10227ad942f67060b3abb5299e12
      size: 4113684
