schema: '2.0'
stages:
  data_ingestion:
    cmd: python src/data/data_ingestion.py
    deps:
    - path: params.yaml
      hash: md5
      md5: 910e47016719e3027af4718d427a1600
      size: 53
    - path: src/data/data_ingestion.py
      hash: md5
      md5: a5d07a54e99e224644e46ee9c1409cd0
      size: 3292
    params:
      params.yaml:
        data_ingestion.random_state: 42
        data_ingestion.test_size: 0.2
    outs:
    - path: data/raw/test.csv
      hash: md5
      md5: 8bdcfe9684d560ca11920c7406f93218
      size: 1339576
    - path: data/raw/train.csv
      hash: md5
      md5: 07f6289d2494220c17d38d85eb39b95f
      size: 5535070
